[[package]]
name = "aiomultiprocess"
version = "0.9.0"
requires_python = ">=3.6"
summary = "AsyncIO version of the standard multiprocessing module"

[[package]]
name = "anyio"
version = "3.6.1"
requires_python = ">=3.6.2"
summary = "High level compatibility layer for multiple asynchronous event loop implementations"
dependencies = [
    "idna>=2.8",
    "sniffio>=1.1",
]

[[package]]
name = "asyncio"
version = "3.4.3"
summary = "reference implementation of PEP 3156"

[[package]]
name = "black"
version = "22.8.0"
requires_python = ">=3.6.2"
summary = "The uncompromising code formatter."
dependencies = [
    "click>=8.0.0",
    "mypy-extensions>=0.4.3",
    "pathspec>=0.9.0",
    "platformdirs>=2",
    "tomli>=1.1.0; python_full_version < \"3.11.0a7\"",
]

[[package]]
name = "click"
version = "8.1.3"
requires_python = ">=3.7"
summary = "Composable command line interface toolkit"
dependencies = [
    "colorama; platform_system == \"Windows\"",
]

[[package]]
name = "colorama"
version = "0.4.5"
requires_python = ">=2.7, !=3.0.*, !=3.1.*, !=3.2.*, !=3.3.*, !=3.4.*"
summary = "Cross-platform colored terminal text."

[[package]]
name = "idna"
version = "3.3"
requires_python = ">=3.5"
summary = "Internationalized Domain Names in Applications (IDNA)"

[[package]]
name = "mypy-extensions"
version = "0.4.3"
summary = "Experimental type system extensions for programs checked with the mypy typechecker."

[[package]]
name = "pathspec"
version = "0.9.0"
requires_python = "!=3.0.*,!=3.1.*,!=3.2.*,!=3.3.*,!=3.4.*,>=2.7"
summary = "Utility library for gitignore style pattern matching of file paths."

[[package]]
name = "platformdirs"
version = "2.5.2"
requires_python = ">=3.7"
summary = "A small Python module for determining appropriate platform-specific dirs, e.g. a \"user data dir\"."

[[package]]
name = "pydantic"
version = "1.10.2"
requires_python = ">=3.7"
summary = "Data validation and settings management using python type hints"
dependencies = [
    "typing-extensions>=4.1.0",
]

[[package]]
name = "sniffio"
version = "1.2.0"
requires_python = ">=3.5"
summary = "Sniff out which async library your code is running under"

[[package]]
name = "tomli"
version = "2.0.1"
requires_python = ">=3.7"
summary = "A lil' TOML parser"

[[package]]
name = "typing-extensions"
version = "4.3.0"
requires_python = ">=3.7"
summary = "Backported and Experimental Type Hints for Python 3.7+"

[[package]]
name = "uvloop"
version = "0.17.0"
requires_python = ">=3.7"
summary = "Fast implementation of asyncio event loop on top of libuv"

[metadata]
lock_version = "4.0"
content_hash = "sha256:5c917000048dde65cf4b405803cc413e35e5c19c9dc09f7689537edf69648cea"

[metadata.files]
"aiomultiprocess 0.9.0" = [
    {url = "https://files.pythonhosted.org/packages/59/30/64e01ec7ecb4aa1123b54401ffc36c16bb1d7155b924f7430a651fb956c1/aiomultiprocess-0.9.0.tar.gz", hash = "sha256:07e7d5657697678d9d2825d4732dfd7655139762dee665167380797c02c68848"},
    {url = "https://files.pythonhosted.org/packages/e6/fa/bfbf06b737de39a0585c169b132a0cbd735b4db23b4bcfd5daa52b0c7562/aiomultiprocess-0.9.0-py3-none-any.whl", hash = "sha256:3036c4c881cfbc63674686e036097f22309017c6bf96b04722a542ac9cac7423"},
]
"anyio 3.6.1" = [
    {url = "https://files.pythonhosted.org/packages/67/c4/fd50bbb2fb72532a4b778562e28ba581da15067cfb2537dbd3a2e64689c1/anyio-3.6.1.tar.gz", hash = "sha256:413adf95f93886e442aea925f3ee43baa5a765a64a0f52c6081894f9992fdd0b"},
    {url = "https://files.pythonhosted.org/packages/c3/22/4cba7e1b4f45ffbefd2ca817a6800ba1c671c26f288d7705f20289872012/anyio-3.6.1-py3-none-any.whl", hash = "sha256:cb29b9c70620506a9a8f87a309591713446953302d7d995344d0d7c6c0c9a7be"},
]
"asyncio 3.4.3" = [
    {url = "https://files.pythonhosted.org/packages/16/57/d80f4750c65d4449a7d628dbdfccf85b5450cd68fe14ef6abf582bf8835f/asyncio-3.4.3-cp33-none-win32.whl", hash = "sha256:b62c9157d36187eca799c378e572c969f0da87cd5fc42ca372d92cdb06e7e1de"},
    {url = "https://files.pythonhosted.org/packages/22/74/07679c5b9f98a7cb0fc147b1ef1cc1853bc07a4eb9cb5731e24732c5f773/asyncio-3.4.3-py3-none-any.whl", hash = "sha256:c4d18b22701821de07bd6aea8b53d21449ec0ec5680645e5317062ea21817d2d"},
    {url = "https://files.pythonhosted.org/packages/c4/36/24f61d04a58a589c467a88efe9daf5a0a4fcd45985eb74fba822b511caf8/asyncio-3.4.3-cp33-none-win_amd64.whl", hash = "sha256:c46a87b48213d7464f22d9a497b9eef8c1928b68320a2fa94240f969f6fec08c"},
    {url = "https://files.pythonhosted.org/packages/da/54/054bafaf2c0fb8473d423743e191fcdf49b2c1fd5e9af3524efbe097bafd/asyncio-3.4.3.tar.gz", hash = "sha256:83360ff8bc97980e4ff25c964c7bd3923d333d177aa4f7fb736b019f26c7cb41"},
]
"black 22.8.0" = [
    {url = "https://files.pythonhosted.org/packages/05/b1/9bd51244802560ea3cae386fd7c4b3dc104f3da2c71d9cebe0dd9a58cf21/black-22.8.0-cp39-cp39-win_amd64.whl", hash = "sha256:bc4d4123830a2d190e9cc42a2e43570f82ace35c3aeb26a512a2102bce5af7ec"},
    {url = "https://files.pythonhosted.org/packages/0e/08/daaae4173461abc664563e651a1e3c5edc9570ca03283793a444becb9c2f/black-22.8.0-cp310-cp310-macosx_11_0_arm64.whl", hash = "sha256:e8166b7bfe5dcb56d325385bd1d1e0f635f24aae14b3ae437102dedc0c186747"},
    {url = "https://files.pythonhosted.org/packages/17/87/5842bd8d3451131ad56aad8b6a680cc60034cb32a67cb7a4c930d73b55b4/black-22.8.0-cp37-cp37m-win_amd64.whl", hash = "sha256:78dd85caaab7c3153054756b9fe8c611efa63d9e7aecfa33e533060cb14b6d16"},
    {url = "https://files.pythonhosted.org/packages/18/09/63714f5c9d4d7e04c6c04603ce7fb69bf746f69caed0a3416e41bf2db168/black-22.8.0-cp39-cp39-macosx_10_9_x86_64.whl", hash = "sha256:32a4b17f644fc288c6ee2bafdf5e3b045f4eff84693ac069d87b1a347d861497"},
    {url = "https://files.pythonhosted.org/packages/18/bd/f6500e0ff2d2233863d36882418d9928ca7e2532a26a0ac16e2681bf5631/black-22.8.0-cp36-cp36m-manylinux_2_17_x86_64.manylinux2014_x86_64.whl", hash = "sha256:4a098a69a02596e1f2a58a2a1c8d5a05d5a74461af552b371e82f9fa4ada8342"},
    {url = "https://files.pythonhosted.org/packages/22/8c/395e63013297e567253b70ae36460038d47643c3cfaa25180e86dee04344/black-22.8.0-cp36-cp36m-win_amd64.whl", hash = "sha256:5594efbdc35426e35a7defa1ea1a1cb97c7dbd34c0e49af7fb593a36bd45edab"},
    {url = "https://files.pythonhosted.org/packages/36/87/2e2ebe732de20a85ad50732da070e19c06de28505a4a40d12d25d66dba6d/black-22.8.0-cp37-cp37m-manylinux_2_17_x86_64.manylinux2014_x86_64.whl", hash = "sha256:3b2c25f8dea5e8444bdc6788a2f543e1fb01494e144480bc17f806178378005e"},
    {url = "https://files.pythonhosted.org/packages/3a/1b/38a013f75022fae724ed766fdac5f6777544c45eecbe00a6d8fd91a2a26b/black-22.8.0.tar.gz", hash = "sha256:792f7eb540ba9a17e8656538701d3eb1afcb134e3b45b71f20b25c77a8db7e6e"},
    {url = "https://files.pythonhosted.org/packages/3d/a4/3eaab92ec893d7890966e4a2f7c4e3e4e6b94b4df50e4b93d2ce33180276/black-22.8.0-cp38-cp38-win_amd64.whl", hash = "sha256:e981e20ec152dfb3e77418fb616077937378b322d7b26aa1ff87717fb18b4875"},
    {url = "https://files.pythonhosted.org/packages/4d/44/466ae995a55a5c8d5914e0f02520cb64710fbc3e2df8eddc4d2a54bf6a7e/black-22.8.0-cp39-cp39-macosx_10_9_universal2.whl", hash = "sha256:8ce13ffed7e66dda0da3e0b2eb1bdfc83f5812f66e09aca2b0978593ed636b6c"},
    {url = "https://files.pythonhosted.org/packages/63/64/fc6167e4ac4547d6eb9dd31be54979553e95816df5cc889b2680556c3898/black-22.8.0-cp36-cp36m-macosx_10_9_x86_64.whl", hash = "sha256:a05da0430bd5ced89176db098567973be52ce175a55677436a271102d7eaa3fe"},
    {url = "https://files.pythonhosted.org/packages/67/e9/d6e8365eae2dd2b0d9fcdff129a88ab316a545ab44445c92ae8353c7f5ef/black-22.8.0-cp310-cp310-macosx_10_9_universal2.whl", hash = "sha256:ce957f1d6b78a8a231b18e0dd2d94a33d2ba738cd88a7fe64f53f659eea49fdd"},
    {url = "https://files.pythonhosted.org/packages/71/2c/73563faaf6c8aeb31954b8e83b3284bb01ac0ec58110ed84ecec95a055f4/black-22.8.0-cp39-cp39-manylinux_2_17_x86_64.manylinux2014_x86_64.whl", hash = "sha256:53198e28a1fb865e9fe97f88220da2e44df6da82b18833b588b1883b16bb5d41"},
    {url = "https://files.pythonhosted.org/packages/75/03/e68f2051e0ea06db2ce57151387dd34acf35beb3d67936823c1b928a0522/black-22.8.0-cp37-cp37m-macosx_10_9_x86_64.whl", hash = "sha256:a983526af1bea1e4cf6768e649990f28ee4f4137266921c2c3cee8116ae42ec3"},
    {url = "https://files.pythonhosted.org/packages/86/9c/25cab63ed9440df5dba7688d4b55123f4bb352dc48ddf93d2b32c882dbe1/black-22.8.0-cp310-cp310-win_amd64.whl", hash = "sha256:d839150f61d09e7217f52917259831fe2b689f5c8e5e32611736351b89bb2a90"},
    {url = "https://files.pythonhosted.org/packages/a5/3f/c6da8f60962de05c7e5026ce5963a102b0d6ef38884bf9ee825c09b8d0b4/black-22.8.0-cp38-cp38-macosx_10_9_x86_64.whl", hash = "sha256:5b879eb439094751185d1cfdca43023bc6786bd3c60372462b6f051efa6281a5"},
    {url = "https://files.pythonhosted.org/packages/b9/d2/7476c40f3ed871047e5ef4e27a6e946b3aac5357fe9a2e08548c95b79327/black-22.8.0-cp310-cp310-macosx_10_9_x86_64.whl", hash = "sha256:5107ea36b2b61917956d018bd25129baf9ad1125e39324a9b18248d362156a27"},
    {url = "https://files.pythonhosted.org/packages/c1/22/5d7cd0cd1c6ce136fd8dbac3f83a260723b3022cfcc0496a84f2a14c7b9a/black-22.8.0-cp38-cp38-manylinux_2_17_x86_64.manylinux2014_x86_64.whl", hash = "sha256:c3a73f66b6d5ba7288cd5d6dad9b4c9b43f4e8a4b789a94bf5abfb878c663eb3"},
    {url = "https://files.pythonhosted.org/packages/c6/63/a852b07abc942dc069b5457af40feca82667cf5ed9faec7d4688a4d9c7da/black-22.8.0-py3-none-any.whl", hash = "sha256:d2c21d439b2baf7aa80d6dd4e3659259be64c6f49dfd0f32091063db0e006db4"},
    {url = "https://files.pythonhosted.org/packages/d4/a1/dc7bc3cc5eef263625532176015d65033425af8187b732ef2495a1cfa597/black-22.8.0-cp39-cp39-macosx_11_0_arm64.whl", hash = "sha256:0ad827325a3a634bae88ae7747db1a395d5ee02cf05d9aa7a9bd77dfb10e940c"},
    {url = "https://files.pythonhosted.org/packages/d5/08/2dbe5c8e5d251fad5b06494a113940232716246e973ca33a44e59b7f1dbd/black-22.8.0-cp38-cp38-macosx_10_9_universal2.whl", hash = "sha256:cea1b2542d4e2c02c332e83150e41e3ca80dc0fb8de20df3c5e98e242156222c"},
    {url = "https://files.pythonhosted.org/packages/d5/0a/c86b68b24812deaceb48dc7e335fde0f1289e04171ef2fc5ff8eecc50102/black-22.8.0-cp310-cp310-manylinux_2_17_x86_64.manylinux2014_x86_64.whl", hash = "sha256:dd82842bb272297503cbec1a2600b6bfb338dae017186f8f215c8958f8acf869"},
    {url = "https://files.pythonhosted.org/packages/df/9f/1a01c38b187bf49ddf97872932c4ef4f87065e08b037efbe72f3f824970d/black-22.8.0-cp38-cp38-macosx_11_0_arm64.whl", hash = "sha256:0a12e4e1353819af41df998b02c6742643cfef58282915f781d0e4dd7a200411"},
]
"click 8.1.3" = [
    {url = "https://files.pythonhosted.org/packages/59/87/84326af34517fca8c58418d148f2403df25303e02736832403587318e9e8/click-8.1.3.tar.gz", hash = "sha256:7682dc8afb30297001674575ea00d1814d808d6a36af415a82bd481d37ba7b8e"},
    {url = "https://files.pythonhosted.org/packages/c2/f1/df59e28c642d583f7dacffb1e0965d0e00b218e0186d7858ac5233dce840/click-8.1.3-py3-none-any.whl", hash = "sha256:bb4d8133cb15a609f44e8213d9b391b0809795062913b383c62be0ee95b1db48"},
]
"colorama 0.4.5" = [
    {url = "https://files.pythonhosted.org/packages/2b/65/24d033a9325ce42ccbfa3ca2d0866c7e89cc68e5b9d92ecaba9feef631df/colorama-0.4.5.tar.gz", hash = "sha256:e6c6b4334fc50988a639d9b98aa429a0b57da6e17b9a44f0451f930b6967b7a4"},
    {url = "https://files.pythonhosted.org/packages/77/8b/7550e87b2d308a1b711725dfaddc19c695f8c5fa413c640b2be01662f4e6/colorama-0.4.5-py2.py3-none-any.whl", hash = "sha256:854bf444933e37f5824ae7bfc1e98d5bce2ebe4160d46b5edf346a89358e99da"},
]
"idna 3.3" = [
    {url = "https://files.pythonhosted.org/packages/04/a2/d918dcd22354d8958fe113e1a3630137e0fc8b44859ade3063982eacd2a4/idna-3.3-py3-none-any.whl", hash = "sha256:84d9dd047ffa80596e0f246e2eab0b391788b0503584e8945f2368256d2735ff"},
    {url = "https://files.pythonhosted.org/packages/62/08/e3fc7c8161090f742f504f40b1bccbfc544d4a4e09eb774bf40aafce5436/idna-3.3.tar.gz", hash = "sha256:9d643ff0a55b762d5cdb124b8eaa99c66322e2157b69160bc32796e824360e6d"},
]
"mypy-extensions 0.4.3" = [
    {url = "https://files.pythonhosted.org/packages/5c/eb/975c7c080f3223a5cdaff09612f3a5221e4ba534f7039db34c35d95fa6a5/mypy_extensions-0.4.3-py2.py3-none-any.whl", hash = "sha256:090fedd75945a69ae91ce1303b5824f428daf5a028d2f6ab8a299250a846f15d"},
    {url = "https://files.pythonhosted.org/packages/63/60/0582ce2eaced55f65a4406fc97beba256de4b7a95a0034c6576458c6519f/mypy_extensions-0.4.3.tar.gz", hash = "sha256:2d82818f5bb3e369420cb3c4060a7970edba416647068eb4c5343488a6c604a8"},
]
"pathspec 0.9.0" = [
    {url = "https://files.pythonhosted.org/packages/42/ba/a9d64c7bcbc7e3e8e5f93a52721b377e994c22d16196e2b0f1236774353a/pathspec-0.9.0-py2.py3-none-any.whl", hash = "sha256:7d15c4ddb0b5c802d161efc417ec1a2558ea2653c2e8ad9c19098201dc1c993a"},
    {url = "https://files.pythonhosted.org/packages/f6/33/436c5cb94e9f8902e59d1d544eb298b83c84b9ec37b5b769c5a0ad6edb19/pathspec-0.9.0.tar.gz", hash = "sha256:e564499435a2673d586f6b2130bb5b95f04a3ba06f81b8f895b651a3c76aabb1"},
]
"platformdirs 2.5.2" = [
    {url = "https://files.pythonhosted.org/packages/ed/22/967181c94c3a4063fe64e15331b4cb366bdd7dfbf46fcb8ad89650026fec/platformdirs-2.5.2-py3-none-any.whl", hash = "sha256:027d8e83a2d7de06bbac4e5ef7e023c02b863d7ea5d079477e722bb41ab25788"},
    {url = "https://files.pythonhosted.org/packages/ff/7b/3613df51e6afbf2306fc2465671c03390229b55e3ef3ab9dd3f846a53be6/platformdirs-2.5.2.tar.gz", hash = "sha256:58c8abb07dcb441e6ee4b11d8df0ac856038f944ab98b7be6b27b2a3c7feef19"},
]
"pydantic 1.10.2" = [
    {url = "https://files.pythonhosted.org/packages/13/e3/5b83cba317390c9125e049a5328b8e19475098362d398a65936aaab3f00f/pydantic-1.10.2-cp38-cp38-musllinux_1_1_i686.whl", hash = "sha256:1ee433e274268a4b0c8fde7ad9d58ecba12b069a033ecc4645bb6303c062d2e9"},
    {url = "https://files.pythonhosted.org/packages/22/53/196c9a5752e30d682e493d7c00ea0a02377446578e577ae5e085010dc0bd/pydantic-1.10.2-cp37-cp37m-manylinux_2_17_x86_64.manylinux2014_x86_64.whl", hash = "sha256:81a7b66c3f499108b448f3f004801fcd7d7165fb4200acb03f1c2402da73ce4c"},
    {url = "https://files.pythonhosted.org/packages/33/82/40effb1628768af97223df215ed909cc25e0d04d5503667cf7fb5266ee0d/pydantic-1.10.2-cp311-cp311-musllinux_1_1_i686.whl", hash = "sha256:05e00dbebbe810b33c7a7362f231893183bcc4251f3f2ff991c31d5c08240c42"},
    {url = "https://files.pythonhosted.org/packages/33/dd/a8eda780256d32a0ebf2a507e3ee6776e485b98c15b5f6c9ee1661b7374a/pydantic-1.10.2-cp37-cp37m-musllinux_1_1_i686.whl", hash = "sha256:9300fcbebf85f6339a02c6994b2eb3ff1b9c8c14f502058b5bf349d42447dcf5"},
    {url = "https://files.pythonhosted.org/packages/4c/5f/11db15638a3f5b29c7ae6f24b43c1e7985f09b0fe983621d7ef1ff722020/pydantic-1.10.2-cp39-cp39-manylinux_2_17_x86_64.manylinux2014_x86_64.whl", hash = "sha256:6eb843dcc411b6a2237a694f5e1d649fc66c6064d02b204a7e9d194dff81eb4b"},
    {url = "https://files.pythonhosted.org/packages/4c/a9/26873855ce8c1d84cc892036c3396dd1e2d3233201d0b7002451f679ad8d/pydantic-1.10.2-cp310-cp310-macosx_11_0_arm64.whl", hash = "sha256:a1f5a63a6dfe19d719b1b6e6106561869d2efaca6167f84f5ab9347887d78b98"},
    {url = "https://files.pythonhosted.org/packages/4f/53/5747ced47f8af73753bdeb39271acaef47dc63873e0ca16fc33d4a777f31/pydantic-1.10.2-cp38-cp38-macosx_10_9_x86_64.whl", hash = "sha256:b97890e56a694486f772d36efd2ba31612739bc6f3caeee50e9e7e3ebd2fdd13"},
    {url = "https://files.pythonhosted.org/packages/5d/96/3861db92c405d491d02abf17a88f04575311f36688bdb9fb086838d0b379/pydantic-1.10.2-cp311-cp311-manylinux_2_5_i686.manylinux1_i686.manylinux_2_17_i686.manylinux2014_i686.whl", hash = "sha256:7b5ba54d026c2bd2cb769d3468885f23f43710f651688e91f5fb1edcf0ee9283"},
    {url = "https://files.pythonhosted.org/packages/65/06/5925bb1302daaacc28cdf3ac832d62bd0f5fdda5c648409d98cce26d78a4/pydantic-1.10.2-cp39-cp39-musllinux_1_1_i686.whl", hash = "sha256:e0bedafe4bc165ad0a56ac0bd7695df25c50f76961da29c050712596cf092d6d"},
    {url = "https://files.pythonhosted.org/packages/6e/fd/8ffad95e696caf36834c3819d1509f8fb146120501c8deb27c8bfb146b26/pydantic-1.10.2-cp310-cp310-musllinux_1_1_i686.whl", hash = "sha256:e9069e1b01525a96e6ff49e25876d90d5a563bc31c658289a8772ae186552236"},
    {url = "https://files.pythonhosted.org/packages/74/3e/f043a9db9f3ec835b49b084054a83e64a2057d6dabc15da4d2f00edaf8f4/pydantic-1.10.2-cp38-cp38-manylinux_2_17_x86_64.manylinux2014_x86_64.whl", hash = "sha256:06094d18dd5e6f2bbf93efa54991c3240964bb663b87729ac340eb5014310624"},
    {url = "https://files.pythonhosted.org/packages/74/4f/ea30b0bc3ea6f41d73c9aaa26fd51bd9d4f6f755c62625b592c2c2b1b6f0/pydantic-1.10.2-cp311-cp311-manylinux_2_17_x86_64.manylinux2014_x86_64.whl", hash = "sha256:37c90345ec7dd2f1bcef82ce49b6235b40f282b94d3eec47e801baf864d15525"},
    {url = "https://files.pythonhosted.org/packages/7a/1d/d61c9ae42b62686a4230a7747119527269cb8bd17fb7146ee463b1a3ed71/pydantic-1.10.2-cp37-cp37m-musllinux_1_1_x86_64.whl", hash = "sha256:216f3bcbf19c726b1cc22b099dd409aa371f55c08800bcea4c44c8f74b73478d"},
    {url = "https://files.pythonhosted.org/packages/7d/7d/58dd62f792b002fa28cce4e83cb90f4359809e6d12db86eedf26a752895c/pydantic-1.10.2.tar.gz", hash = "sha256:91b8e218852ef6007c2b98cd861601c6a09f1aa32bbbb74fab5b1c33d4a1e410"},
    {url = "https://files.pythonhosted.org/packages/87/f7/b02ec31ffd6eafdd2ca8a4a9f1a3ad2fa68ca8b850de82bbe99053e3d2c0/pydantic-1.10.2-cp310-cp310-manylinux_2_17_x86_64.manylinux2014_x86_64.whl", hash = "sha256:352aedb1d71b8b0736c6d56ad2bd34c6982720644b0624462059ab29bd6e5912"},
    {url = "https://files.pythonhosted.org/packages/88/6f/69a98253109e15de3eba1b6ec5c621f01c9e3735c2d3e6a949b4f467d78e/pydantic-1.10.2-cp310-cp310-manylinux_2_5_i686.manylinux1_i686.manylinux_2_17_i686.manylinux2014_i686.whl", hash = "sha256:19b3b9ccf97af2b7519c42032441a891a5e05c68368f40865a90eb88833c2559"},
    {url = "https://files.pythonhosted.org/packages/8a/18/2050f86b48b79fe731e7ca706f4914dd2fcfa4071ca29d5509deb54972fc/pydantic-1.10.2-cp38-cp38-win_amd64.whl", hash = "sha256:0b959f4d8211fc964772b595ebb25f7652da3f22322c007b6fed26846a40685e"},
    {url = "https://files.pythonhosted.org/packages/8a/b0/8a4349bb4388e1cd6b843a908b33bc1fea261ce948c287fd5b32e094dc96/pydantic-1.10.2-cp38-cp38-manylinux_2_5_i686.manylinux1_i686.manylinux_2_17_i686.manylinux2014_i686.whl", hash = "sha256:cc78cc83110d2f275ec1970e7a831f4e371ee92405332ebfe9860a715f8336e1"},
    {url = "https://files.pythonhosted.org/packages/92/fb/0d5e414d3f72b43c50572f63647fab3abf41cc9f04f810bec97e4d61f09a/pydantic-1.10.2-cp311-cp311-macosx_11_0_arm64.whl", hash = "sha256:d49f3db871575e0426b12e2f32fdb25e579dea16486a26e5a0474af87cb1ab0a"},
    {url = "https://files.pythonhosted.org/packages/97/d5/dc4bd637ba0c2cefc58f40415116b9bbc315aa41da158dc3b81d9d981c1c/pydantic-1.10.2-cp39-cp39-musllinux_1_1_x86_64.whl", hash = "sha256:2e05aed07fa02231dbf03d0adb1be1d79cabb09025dd45aa094aa8b4e7b9dcda"},
    {url = "https://files.pythonhosted.org/packages/a9/ce/f01d53fa974c954610e08be73058436f5df6a5125929a8d732030eeb19a8/pydantic-1.10.2-cp311-cp311-musllinux_1_1_x86_64.whl", hash = "sha256:2d0567e60eb01bccda3a4df01df677adf6b437958d35c12a3ac3e0f078b0ee52"},
    {url = "https://files.pythonhosted.org/packages/af/cf/beecf80bc07c9bd1612219b053950af9b04eb597806c9905dbcfd75fa50d/pydantic-1.10.2-cp39-cp39-macosx_10_9_x86_64.whl", hash = "sha256:c33602f93bfb67779f9c507e4d69451664524389546bacfe1bee13cae6dc7488"},
    {url = "https://files.pythonhosted.org/packages/b0/b5/b673ec4154429dcf152e993fd0a2146a3f8a2de3bc4a2dd0768ba051eefb/pydantic-1.10.2-cp311-cp311-win_amd64.whl", hash = "sha256:c6f981882aea41e021f72779ce2a4e87267458cc4d39ea990729e21ef18f0f8c"},
    {url = "https://files.pythonhosted.org/packages/b2/74/961f37b2c2df5c021dd4ac981750a455f0eea312f3eb074a0b7f0fd4663d/pydantic-1.10.2-cp39-cp39-manylinux_2_5_i686.manylinux1_i686.manylinux_2_17_i686.manylinux2014_i686.whl", hash = "sha256:4b8795290deaae348c4eba0cebb196e1c6b98bdbe7f50b2d0d9a4a99716342fe"},
    {url = "https://files.pythonhosted.org/packages/c2/f7/9c79223c4131bd258dd4b362e426804346b62b1a2e7c914f3eefd6f9f73c/pydantic-1.10.2-cp37-cp37m-macosx_10_9_x86_64.whl", hash = "sha256:c4aac8e7103bf598373208f6299fa9a5cfd1fc571f2d40bf1dd1955a63d6eeb5"},
    {url = "https://files.pythonhosted.org/packages/c4/ab/25e2515801f17d1434500ed59405a9f13030891896bd4fc90088f8bdf610/pydantic-1.10.2-cp311-cp311-macosx_10_9_x86_64.whl", hash = "sha256:a4c805731c33a8db4b6ace45ce440c4ef5336e712508b4d9e1aafa617dc9907f"},
    {url = "https://files.pythonhosted.org/packages/c6/9b/7a383fbd1f5f0ec8143fb9ebf57c22c4356fadedc0ca376262117e6f2878/pydantic-1.10.2-cp310-cp310-musllinux_1_1_x86_64.whl", hash = "sha256:355639d9afc76bcb9b0c3000ddcd08472ae75318a6eb67a15866b87e2efa168c"},
    {url = "https://files.pythonhosted.org/packages/d4/ec/230ab377c457cd68cfda78759e2a57f8c08a9e9adb4cd53c4d2fc9100b15/pydantic-1.10.2-py3-none-any.whl", hash = "sha256:1b6ee725bd6e83ec78b1aa32c5b1fa67a3a65badddde3976bca5fe4568f27709"},
    {url = "https://files.pythonhosted.org/packages/d6/8b/9ec347ac3a848bb8c356ec6c6a5a5066300f37e985915b0fa68cf78f448a/pydantic-1.10.2-cp310-cp310-win_amd64.whl", hash = "sha256:ae544c47bec47a86bc7d350f965d8b15540e27e5aa4f55170ac6a75e5f73b644"},
    {url = "https://files.pythonhosted.org/packages/dc/bf/5965230bf0547c5fa0005984564146dcc414e6e8b6349177eca413761013/pydantic-1.10.2-cp37-cp37m-win_amd64.whl", hash = "sha256:dd3f9a40c16daf323cf913593083698caee97df2804aa36c4b3175d5ac1b92a2"},
    {url = "https://files.pythonhosted.org/packages/e5/23/96ba59f91dc42b35d72d8ffd8eff1f9c4b508b927207f9122fcfa679c495/pydantic-1.10.2-cp38-cp38-musllinux_1_1_x86_64.whl", hash = "sha256:7c2abc4393dea97a4ccbb4ec7d8658d4e22c4765b7b9b9445588f16c71ad9965"},
    {url = "https://files.pythonhosted.org/packages/ef/a8/c11b225b5eae30cf7c00be4d056705aaee42cc646e77e7bda9e407728619/pydantic-1.10.2-cp39-cp39-win_amd64.whl", hash = "sha256:c1ba1afb396148bbc70e9eaa8c06c1716fdddabaf86e7027c5988bae2a829ab6"},
    {url = "https://files.pythonhosted.org/packages/f0/83/9bb5cfa0eca92d0c7c317438ecce33051c3879bf2b0a2b990e4e0d6070b7/pydantic-1.10.2-cp38-cp38-macosx_11_0_arm64.whl", hash = "sha256:9cabf4a7f05a776e7793e72793cd92cc865ea0e83a819f9ae4ecccb1b8aa6116"},
    {url = "https://files.pythonhosted.org/packages/f8/91/814d1d833d4d53ae4854dcb23256c55758b0fc01b90b20a297ee2c76bb84/pydantic-1.10.2-cp39-cp39-macosx_11_0_arm64.whl", hash = "sha256:5760e164b807a48a8f25f8aa1a6d857e6ce62e7ec83ea5d5c5a802eac81bad41"},
    {url = "https://files.pythonhosted.org/packages/fe/5b/6f77e6ebc93e5e3c7fd480e1b171a6547407eba901a56a65d2745df24144/pydantic-1.10.2-cp37-cp37m-manylinux_2_5_i686.manylinux1_i686.manylinux_2_17_i686.manylinux2014_i686.whl", hash = "sha256:bedf309630209e78582ffacda64a21f96f3ed2e51fbf3962d4d488e503420254"},
    {url = "https://files.pythonhosted.org/packages/fe/fd/8f7f8271d526378c927babd1229501e576760cef9a509909a3415eec3c0d/pydantic-1.10.2-cp310-cp310-macosx_10_9_x86_64.whl", hash = "sha256:bb6ad4489af1bac6955d38ebcb95079a836af31e4c4f74aba1ca05bb9f6027bd"},
]
"sniffio 1.2.0" = [
    {url = "https://files.pythonhosted.org/packages/52/b0/7b2e028b63d092804b6794595871f936aafa5e9322dcaaad50ebf67445b3/sniffio-1.2.0-py3-none-any.whl", hash = "sha256:471b71698eac1c2112a40ce2752bb2f4a4814c22a54a3eed3676bc0f5ca9f663"},
    {url = "https://files.pythonhosted.org/packages/a6/ae/44ed7978bcb1f6337a3e2bef19c941de750d73243fc9389140d62853b686/sniffio-1.2.0.tar.gz", hash = "sha256:c4666eecec1d3f50960c6bdf61ab7bc350648da6c126e3cf6898d8cd4ddcd3de"},
]
"tomli 2.0.1" = [
    {url = "https://files.pythonhosted.org/packages/97/75/10a9ebee3fd790d20926a90a2547f0bf78f371b2f13aa822c759680ca7b9/tomli-2.0.1-py3-none-any.whl", hash = "sha256:939de3e7a6161af0c887ef91b7d41a53e7c5a1ca976325f429cb46ea9bc30ecc"},
    {url = "https://files.pythonhosted.org/packages/c0/3f/d7af728f075fb08564c5949a9c95e44352e23dee646869fa104a3b2060a3/tomli-2.0.1.tar.gz", hash = "sha256:de526c12914f0c550d15924c62d72abc48d6fe7364aa87328337a31007fe8a4f"},
]
"typing-extensions 4.3.0" = [
    {url = "https://files.pythonhosted.org/packages/9e/1d/d128169ff58c501059330f1ad96ed62b79114a2eb30b8238af63a2e27f70/typing_extensions-4.3.0.tar.gz", hash = "sha256:e6d2677a32f47fc7eb2795db1dd15c1f34eff616bcaf2cfb5e997f854fa1c4a6"},
    {url = "https://files.pythonhosted.org/packages/ed/d6/2afc375a8d55b8be879d6b4986d4f69f01115e795e36827fd3a40166028b/typing_extensions-4.3.0-py3-none-any.whl", hash = "sha256:25642c956049920a5aa49edcdd6ab1e06d7e5d467fc00e0506c44ac86fbfca02"},
]
"uvloop 0.17.0" = [
    {url = "https://files.pythonhosted.org/packages/04/e3/e8c6b6b2ece6b0ab6033c62344d3de1706ed773d10c1798ee8afb0007b8c/uvloop-0.17.0-cp310-cp310-musllinux_1_1_x86_64.whl", hash = "sha256:8efcadc5a0003d3a6e887ccc1fb44dec25594f117a94e3127954c05cf144d811"},
    {url = "https://files.pythonhosted.org/packages/08/f2/99ea33be2a601d74b345605f4843f678b8fc19b6b348c0cf07883791f0b2/uvloop-0.17.0-cp39-cp39-musllinux_1_1_aarch64.whl", hash = "sha256:c092a2c1e736086d59ac8e41f9c98f26bbf9b9222a76f21af9dfe949b99b2eb9"},
    {url = "https://files.pythonhosted.org/packages/0e/27/f4f8afa5f34626f5e4fdd6b96734546d293dfe3593a6d73a8785c3e79817/uvloop-0.17.0-cp39-cp39-macosx_10_9_x86_64.whl", hash = "sha256:cbbe908fda687e39afd6ea2a2f14c2c3e43f2ca88e3a11964b297822358d0e6c"},
    {url = "https://files.pythonhosted.org/packages/13/12/58a06670863b147f2b5bcd35ec16e55c2e811a67e926f62b4c04e6f52755/uvloop-0.17.0-cp311-cp311-macosx_10_9_x86_64.whl", hash = "sha256:6aafa5a78b9e62493539456f8b646f85abc7093dd997f4976bb105537cf2635e"},
    {url = "https://files.pythonhosted.org/packages/14/58/333a56082bf25dee13cf9e8de5f408d107d75bf6145835ec6d6b2fd35980/uvloop-0.17.0-cp311-cp311-macosx_10_9_universal2.whl", hash = "sha256:3378eb62c63bf336ae2070599e49089005771cc651c8769aaad72d1bd9385a7c"},
    {url = "https://files.pythonhosted.org/packages/20/9b/920b4b52028a84cc6031b4ce4bef1077d3475e6ce87969a0f0d220807307/uvloop-0.17.0-cp310-cp310-manylinux_2_17_x86_64.manylinux2014_x86_64.whl", hash = "sha256:ff3d00b70ce95adce264462c930fbaecb29718ba6563db354608f37e49e09024"},
    {url = "https://files.pythonhosted.org/packages/2b/6f/ec3a30f0de00b8d240ab2128d50e4bf20b263065bc51eb0b4bbfaae6c87d/uvloop-0.17.0-cp311-cp311-manylinux_2_17_aarch64.manylinux2014_aarch64.whl", hash = "sha256:c686a47d57ca910a2572fddfe9912819880b8765e2f01dc0dd12a9bf8573e539"},
    {url = "https://files.pythonhosted.org/packages/2c/08/c76bc0325b1a372e6780a169c1da56117591335a08ee19c09e3e6839a195/uvloop-0.17.0-cp39-cp39-macosx_10_9_universal2.whl", hash = "sha256:7d37dccc7ae63e61f7b96ee2e19c40f153ba6ce730d8ba4d3b4e9738c1dccc1b"},
    {url = "https://files.pythonhosted.org/packages/2c/70/c4162951c8c3a4a8b19a62b2668517e16b4e74499e040c07c7d99dad5126/uvloop-0.17.0-cp38-cp38-musllinux_1_1_aarch64.whl", hash = "sha256:8887d675a64cfc59f4ecd34382e5b4f0ef4ae1da37ed665adba0c2badf0d6578"},
    {url = "https://files.pythonhosted.org/packages/33/f5/94d267b8286fd9390a3276843300461edaa65431b428634056994b24b16a/uvloop-0.17.0-cp310-cp310-manylinux_2_17_aarch64.manylinux2014_aarch64.whl", hash = "sha256:0949caf774b9fcefc7c5756bacbbbd3fc4c05a6b7eebc7c7ad6f825b23998d6d"},
    {url = "https://files.pythonhosted.org/packages/5b/68/08d63f6e426fdb18d718251de786e784254985f633bbd16685e0befb5b04/uvloop-0.17.0-cp38-cp38-musllinux_1_1_x86_64.whl", hash = "sha256:3db8de10ed684995a7f34a001f15b374c230f7655ae840964d51496e2f8a8474"},
    {url = "https://files.pythonhosted.org/packages/5d/bc/c1ef0b1c8faa3960b22f5809ebfd1eaa009e441b28b697f8871c31fc51d7/uvloop-0.17.0-cp311-cp311-musllinux_1_1_x86_64.whl", hash = "sha256:6708f30db9117f115eadc4f125c2a10c1a50d711461699a0cbfaa45b9a78e376"},
    {url = "https://files.pythonhosted.org/packages/7f/17/e300f183e5cbcc197eaa62c0c020072b778039297b0df896b6274a73a7da/uvloop-0.17.0-cp37-cp37m-manylinux_2_17_x86_64.manylinux2014_x86_64.whl", hash = "sha256:45cea33b208971e87a31c17622e4b440cac231766ec11e5d22c76fab3bf9df62"},
    {url = "https://files.pythonhosted.org/packages/83/c0/9ade5760e31bc67fc30e74cf896cc72f7f8f8121b0ac64113c684571a22b/uvloop-0.17.0-cp310-cp310-musllinux_1_1_aarch64.whl", hash = "sha256:a5abddb3558d3f0a78949c750644a67be31e47936042d4f6c888dd6f3c95f4aa"},
    {url = "https://files.pythonhosted.org/packages/88/0b/f795eeada85d2971b0718a45683e673ad2211ba8d68b166d1f917fc0b86f/uvloop-0.17.0-cp37-cp37m-musllinux_1_1_aarch64.whl", hash = "sha256:9b09e0f0ac29eee0451d71798878eae5a4e6a91aa275e114037b27f7db72702d"},
    {url = "https://files.pythonhosted.org/packages/8a/ff/bb80345a3fc39b0ce1ad27e8906874337a29dfb77e6d1e26740439be4a93/uvloop-0.17.0-cp38-cp38-manylinux_2_17_aarch64.manylinux2014_aarch64.whl", hash = "sha256:3ebeeec6a6641d0adb2ea71dcfb76017602ee2bfd8213e3fcc18d8f699c5104f"},
    {url = "https://files.pythonhosted.org/packages/8f/93/6e0ce46158943650c6f15c4acfb008d9314fe670a1376399cdea295bf71e/uvloop-0.17.0-cp38-cp38-macosx_10_9_universal2.whl", hash = "sha256:a4aee22ece20958888eedbad20e4dbb03c37533e010fb824161b4f05e641f738"},
    {url = "https://files.pythonhosted.org/packages/90/75/e856169afc8c4676402a2c45ecb409f25e3dca4e17a5291bf6804006deba/uvloop-0.17.0-cp310-cp310-macosx_10_9_x86_64.whl", hash = "sha256:68532f4349fd3900b839f588972b3392ee56042e440dd5873dfbbcd2cc67617c"},
    {url = "https://files.pythonhosted.org/packages/93/f8/5ba5eb1e005e2419d455d8d677211bf58ba500f204236e0b089c1a6067be/uvloop-0.17.0-cp37-cp37m-macosx_10_9_x86_64.whl", hash = "sha256:23609ca361a7fc587031429fa25ad2ed7242941adec948f9d10c045bfecab06b"},
    {url = "https://files.pythonhosted.org/packages/97/ae/e60b67eca95e9bf8f3407996acc478a8df2a0cda4cce5c3d231a831d79ba/uvloop-0.17.0-cp39-cp39-musllinux_1_1_x86_64.whl", hash = "sha256:30babd84706115626ea78ea5dbc7dd8d0d01a2e9f9b306d24ca4ed5796c66ded"},
    {url = "https://files.pythonhosted.org/packages/a9/17/e0a10e6b5a1ace1861ba496981fed35dd806c81fa18260e6e631f2713c3c/uvloop-0.17.0-cp311-cp311-musllinux_1_1_aarch64.whl", hash = "sha256:2a6149e1defac0faf505406259561bc14b034cdf1d4711a3ddcdfbaa8d825a05"},
    {url = "https://files.pythonhosted.org/packages/ab/03/ed3a0d08c9d307e8babdbed7fc6c54b273602adb3fa41748b6c1785108b3/uvloop-0.17.0-cp39-cp39-manylinux_2_17_x86_64.manylinux2014_x86_64.whl", hash = "sha256:f1e507c9ee39c61bfddd79714e4f85900656db1aec4d40c6de55648e85c2799c"},
    {url = "https://files.pythonhosted.org/packages/ad/14/f791682bc94a80b03431de5d753484ac1c8a5cc3b966fd21f053ad14d5c8/uvloop-0.17.0-cp310-cp310-macosx_10_9_universal2.whl", hash = "sha256:ce9f61938d7155f79d3cb2ffa663147d4a76d16e08f65e2c66b77bd41b356718"},
    {url = "https://files.pythonhosted.org/packages/b1/0c/f08c6863c9e0a6823b69fbbc6753a3e4f47c3a48628ce6e8370bd39b76e7/uvloop-0.17.0-cp311-cp311-manylinux_2_17_x86_64.manylinux2014_x86_64.whl", hash = "sha256:864e1197139d651a76c81757db5eb199db8866e13acb0dfe96e6fc5d1cf45fc4"},
    {url = "https://files.pythonhosted.org/packages/ba/86/6dda1760481abf244cbd3908b79a4520d757040ca9ec37a79fc0fd01e2a0/uvloop-0.17.0.tar.gz", hash = "sha256:0ddf6baf9cf11a1a22c71487f39f15b2cf78eb5bde7e5b45fbb99e8a9d91b9e1"},
    {url = "https://files.pythonhosted.org/packages/c5/56/745a5e615edbec0e6062397782285fbb01c50bf659e2b22489bdd9f9318f/uvloop-0.17.0-cp38-cp38-macosx_10_9_x86_64.whl", hash = "sha256:307958f9fc5c8bb01fad752d1345168c0abc5d62c1b72a4a8c6c06f042b45b20"},
    {url = "https://files.pythonhosted.org/packages/c6/b3/60fc0f21b58b86335e2435b2cd6a9d75cb79d99787f15663fae01406c8c5/uvloop-0.17.0-cp37-cp37m-manylinux_2_17_aarch64.manylinux2014_aarch64.whl", hash = "sha256:2deae0b0fb00a6af41fe60a675cec079615b01d68beb4cc7b722424406b126a8"},
    {url = "https://files.pythonhosted.org/packages/d3/85/2fea43f570b32027dbf11426ea88aea9e4525f40f6e0b7017a74ab7d57ad/uvloop-0.17.0-cp39-cp39-manylinux_2_17_aarch64.manylinux2014_aarch64.whl", hash = "sha256:3d97672dc709fa4447ab83276f344a165075fd9f366a97b712bdd3fee05efae8"},
    {url = "https://files.pythonhosted.org/packages/fa/28/8a3c2f067014018ba6647c39af64e3b45e5391cf85ba882fa824bda9dba3/uvloop-0.17.0-cp37-cp37m-musllinux_1_1_x86_64.whl", hash = "sha256:dbbaf9da2ee98ee2531e0c780455f2841e4675ff580ecf93fe5c48fe733b5667"},
    {url = "https://files.pythonhosted.org/packages/fb/11/fef3cf9f2aa23a7daf84c39dbd66dcd562479ffc2c064496d0525adc4b43/uvloop-0.17.0-cp38-cp38-manylinux_2_17_x86_64.manylinux2014_x86_64.whl", hash = "sha256:1436c8673c1563422213ac6907789ecb2b070f5939b9cbff9ef7113f2b531595"},
]
